{
  "version": "4",
  "specifiers": {
    "jsr:@dklab/oak-routing-ctrl@~0.14.2": "0.14.2",
    "jsr:@fullsoak/fullsoak@0.17": "0.17.0",
    "jsr:@oak/commons@1": "1.0.0",
    "jsr:@oak/oak@^17.1.4": "17.1.4",
    "jsr:@std/assert@1": "1.0.12",
    "jsr:@std/bytes@1": "1.0.5",
    "jsr:@std/crypto@1": "1.0.4",
    "jsr:@std/encoding@1": "1.0.8",
    "jsr:@std/encoding@^1.0.7": "1.0.8",
    "jsr:@std/fmt@^1.0.5": "1.0.6",
    "jsr:@std/fs@^1.0.11": "1.0.15",
    "jsr:@std/http@1": "1.0.13",
    "jsr:@std/io@~0.225.2": "0.225.2",
    "jsr:@std/log@~0.224.14": "0.224.14",
    "jsr:@std/media-types@1": "1.1.0",
    "jsr:@std/path@1": "1.0.8",
    "jsr:@std/path@1.0.8": "1.0.8",
    "jsr:@std/path@^1.0.8": "1.0.8",
    "npm:@asteasolutions/zod-to-openapi@^7.3.0": "7.3.0_zod@3.24.2",
    "npm:@shoelace-style/shoelace@2.20.0": "2.20.0",
    "npm:@swc/core@^1.11.8": "1.11.13",
    "npm:@types/node@*": "22.12.0",
    "npm:clean-css@^5.3.3": "5.3.3",
    "npm:htm@^3.1.1": "3.1.1",
    "npm:path-to-regexp@^6.3.0": "6.3.0",
    "npm:preact-render-to-string@^6.5.13": "6.5.13_preact@10.26.4",
    "npm:preact@10.26.4": "10.26.4",
    "npm:typescript@^5.8.2": "5.8.2",
    "npm:uglify-js@^3.19.3": "3.19.3",
    "npm:zod@^3.24.2": "3.24.2"
  },
  "jsr": {
    "@dklab/oak-routing-ctrl@0.14.2": {
      "integrity": "acacbbac775fc05c171494f391304904844224a03b222442c0f38dbc3837edd7",
      "dependencies": [
        "jsr:@oak/oak",
        "jsr:@std/path@^1.0.8",
        "npm:@asteasolutions/zod-to-openapi",
        "npm:zod"
      ]
    },
    "@fullsoak/fullsoak@0.17.0": {
      "integrity": "321170a0016b8be3c463b490a83c09a639cf9d73742e5a77e04077c56f192b34",
      "dependencies": [
        "jsr:@dklab/oak-routing-ctrl",
        "jsr:@oak/oak",
        "jsr:@std/log",
        "jsr:@std/path@^1.0.8",
        "npm:@swc/core",
        "npm:clean-css",
        "npm:htm",
        "npm:preact",
        "npm:preact-render-to-string",
        "npm:typescript",
        "npm:uglify-js"
      ]
    },
    "@oak/commons@1.0.0": {
      "integrity": "49805b55603c3627a9d6235c0655aa2b6222d3036b3a13ff0380c16368f607ac",
      "dependencies": [
        "jsr:@std/assert",
        "jsr:@std/bytes",
        "jsr:@std/crypto",
        "jsr:@std/encoding@1",
        "jsr:@std/http",
        "jsr:@std/media-types"
      ]
    },
    "@oak/oak@17.1.4": {
      "integrity": "60530b582bf276ff741e39cc664026781aa08dd5f2bc5134d756cc427bf2c13e",
      "dependencies": [
        "jsr:@oak/commons",
        "jsr:@std/assert",
        "jsr:@std/bytes",
        "jsr:@std/http",
        "jsr:@std/media-types",
        "jsr:@std/path@1",
        "npm:path-to-regexp"
      ]
    },
    "@std/assert@1.0.12": {
      "integrity": "08009f0926dda9cbd8bef3a35d3b6a4b964b0ab5c3e140a4e0351fbf34af5b9a"
    },
    "@std/bytes@1.0.5": {
      "integrity": "4465dd739d7963d964c809202ebea6d5c6b8e3829ef25c6a224290fbb8a1021e"
    },
    "@std/crypto@1.0.4": {
      "integrity": "cee245c453bd5366207f4d8aa25ea3e9c86cecad2be3fefcaa6cb17203d79340"
    },
    "@std/encoding@1.0.8": {
      "integrity": "a6c8f3f933ab1bed66244f435d1dc0fd23a888e07195532122ddc3d5f8f0e6b4"
    },
    "@std/fmt@1.0.6": {
      "integrity": "a2c56a69a2369876ddb3ad6a500bb6501b5bad47bb3ea16bfb0c18974d2661fc"
    },
    "@std/fs@1.0.15": {
      "integrity": "c083fb479889d6440d768e498195c3fc499d426fbf9a6592f98f53884d1d3f41"
    },
    "@std/http@1.0.13": {
      "integrity": "d29618b982f7ae44380111f7e5b43da59b15db64101198bb5f77100d44eb1e1e",
      "dependencies": [
        "jsr:@std/encoding@^1.0.7"
      ]
    },
    "@std/io@0.225.2": {
      "integrity": "3c740cd4ee4c082e6cfc86458f47e2ab7cb353dc6234d5e9b1f91a2de5f4d6c7"
    },
    "@std/log@0.224.14": {
      "integrity": "257f7adceee3b53bb2bc86c7242e7d1bc59729e57d4981c4a7e5b876c808f05e",
      "dependencies": [
        "jsr:@std/fmt",
        "jsr:@std/fs",
        "jsr:@std/io"
      ]
    },
    "@std/media-types@1.1.0": {
      "integrity": "c9d093f0c05c3512932b330e3cc1fe1d627b301db33a4c2c2185c02471d6eaa4"
    },
    "@std/path@1.0.8": {
      "integrity": "548fa456bb6a04d3c1a1e7477986b6cffbce95102d0bb447c67c4ee70e0364be"
    }
  },
  "npm": {
    "@asteasolutions/zod-to-openapi@7.3.0_zod@3.24.2": {
      "integrity": "sha512-7tE/r1gXwMIvGnXVUdIqUhCU1RevEFC4Jk6Bussa0fk1ecbnnINkZzj1EOAJyE/M3AI25DnHT/zKQL1/FPFi8Q==",
      "dependencies": [
        "openapi3-ts",
        "zod"
      ]
    },
    "@ctrl/tinycolor@4.1.0": {
      "integrity": "sha512-WyOx8cJQ+FQus4Mm4uPIZA64gbk3Wxh0so5Lcii0aJifqwoVOlfFtorjLE0Hen4OYyHZMXDWqMmaQemBhgxFRQ=="
    },
    "@floating-ui/core@1.6.9": {
      "integrity": "sha512-uMXCuQ3BItDUbAMhIXw7UPXRfAlOAvZzdK9BWpE60MCn+Svt3aLn9jsPTi/WNGlRUu2uI0v5S7JiIUsbsvh3fw==",
      "dependencies": [
        "@floating-ui/utils"
      ]
    },
    "@floating-ui/dom@1.6.13": {
      "integrity": "sha512-umqzocjDgNRGTuO7Q8CU32dkHkECqI8ZdMZ5Swb6QAM0t5rnlrN3lGo1hdpscRd3WS8T6DKYK4ephgIH9iRh3w==",
      "dependencies": [
        "@floating-ui/core",
        "@floating-ui/utils"
      ]
    },
    "@floating-ui/utils@0.2.9": {
      "integrity": "sha512-MDWhGtE+eHw5JW7lq4qhc5yRLS11ERl1c7Z6Xd0a58DozHES6EnNNwUWbMiG4J9Cgj053Bhk8zvlhFYKVhULwg=="
    },
    "@lit-labs/ssr-dom-shim@1.3.0": {
      "integrity": "sha512-nQIWonJ6eFAvUUrSlwyHDm/aE8PBDu5kRpL0vHMg6K8fK3Diq1xdPjTnsJSwxABhaZ+5eBi1btQB5ShUTKo4nQ=="
    },
    "@lit/react@1.0.7_@types+react@19.0.12": {
      "integrity": "sha512-cencnwwLXQKiKxjfFzSgZRngcWJzUDZi/04E0fSaF86wZgchMdvTyu+lE36DrUfvuus3bH8+xLPrhM1cTjwpzw==",
      "dependencies": [
        "@types/react"
      ]
    },
    "@lit/reactive-element@2.0.4": {
      "integrity": "sha512-GFn91inaUa2oHLak8awSIigYz0cU0Payr1rcFsrkf5OJ5eSPxElyZfKh0f2p9FsTiZWXQdWGJeXZICEfXXYSXQ==",
      "dependencies": [
        "@lit-labs/ssr-dom-shim"
      ]
    },
    "@shoelace-style/animations@1.2.0": {
      "integrity": "sha512-avvo1xxkLbv2dgtabdewBbqcJfV0e0zCwFqkPMnHFGbJbBHorRFfMAHh1NG9ymmXn0jW95ibUVH03E1NYXD6Gw=="
    },
    "@shoelace-style/localize@3.2.1": {
      "integrity": "sha512-r4C9C/5kSfMBIr0D9imvpRdCNXtUNgyYThc4YlS6K5Hchv1UyxNQ9mxwj+BTRH2i1Neits260sR3OjKMnplsFA=="
    },
    "@shoelace-style/shoelace@2.20.0": {
      "integrity": "sha512-Qq/kPtWC//HVyHX6EZ/i5y9zTMORjqV4lrxU2sbHLh+qdc9DlroYVSSqa2eqkmSzeLO+gHPZrjYmxDTja85iAA==",
      "dependencies": [
        "@ctrl/tinycolor",
        "@floating-ui/dom",
        "@lit/react",
        "@shoelace-style/animations",
        "@shoelace-style/localize",
        "composed-offset-position",
        "lit",
        "qr-creator"
      ]
    },
    "@swc/core-darwin-arm64@1.11.13": {
      "integrity": "sha512-loSERhLaQ9XDS+5Kdx8cLe2tM1G0HLit8MfehipAcsdctpo79zrRlkW34elOf3tQoVPKUItV0b/rTuhjj8NtHg=="
    },
    "@swc/core-darwin-x64@1.11.13": {
      "integrity": "sha512-uSA4UwgsDCIysUPfPS8OrQTH2h9spO7IYFd+1NB6dJlVGUuR6jLKuMBOP1IeLeax4cGHayvkcwSJ3OvxHwgcZQ=="
    },
    "@swc/core-linux-arm-gnueabihf@1.11.13": {
      "integrity": "sha512-boVtyJzS8g30iQfe8Q46W5QE/cmhKRln/7NMz/5sBP/am2Lce9NL0d05NnFwEWJp1e2AMGHFOdRr3Xg1cDiPKw=="
    },
    "@swc/core-linux-arm64-gnu@1.11.13": {
      "integrity": "sha512-+IK0jZ84zHUaKtwpV+T+wT0qIUBnK9v2xXD03vARubKF+eUqCsIvcVHXmLpFuap62dClMrhCiwW10X3RbXNlHw=="
    },
    "@swc/core-linux-arm64-musl@1.11.13": {
      "integrity": "sha512-+ukuB8RHD5BHPCUjQwuLP98z+VRfu+NkKQVBcLJGgp0/+w7y0IkaxLY/aKmrAS5ofCNEGqKL+AOVyRpX1aw+XA=="
    },
    "@swc/core-linux-x64-gnu@1.11.13": {
      "integrity": "sha512-q9H3WI3U3dfJ34tdv60zc8oTuWvSd5fOxytyAO9Pc5M82Hic3jjWaf2xBekUg07ubnMZpyfnv+MlD+EbUI3Llw=="
    },
    "@swc/core-linux-x64-musl@1.11.13": {
      "integrity": "sha512-9aaZnnq2pLdTbAzTSzy/q8dr7Woy3aYIcQISmw1+Q2/xHJg5y80ZzbWSWKYca/hKonDMjIbGR6dp299I5J0aeA=="
    },
    "@swc/core-win32-arm64-msvc@1.11.13": {
      "integrity": "sha512-n3QZmDewkHANcoHvtwvA6yJbmS4XJf0MBMmwLZoKDZ2dOnC9D/jHiXw7JOohEuzYcpLoL5tgbqmjxa3XNo9Oow=="
    },
    "@swc/core-win32-ia32-msvc@1.11.13": {
      "integrity": "sha512-wM+Nt4lc6YSJFthCx3W2dz0EwFNf++j0/2TQ0Js9QLJuIxUQAgukhNDVCDdq8TNcT0zuA399ALYbvj5lfIqG6g=="
    },
    "@swc/core-win32-x64-msvc@1.11.13": {
      "integrity": "sha512-+X5/uW3s1L5gK7wAo0E27YaAoidJDo51dnfKSfU7gF3mlEUuWH8H1bAy5OTt2mU4eXtfsdUMEVXSwhDlLtQkuA=="
    },
    "@swc/core@1.11.13": {
      "integrity": "sha512-9BXdYz12Wl0zWmZ80PvtjBWeg2ncwJ9L5WJzjhN6yUTZWEV/AwAdVdJnIEp4pro3WyKmAaMxcVOSbhuuOZco5g==",
      "dependencies": [
        "@swc/core-darwin-arm64",
        "@swc/core-darwin-x64",
        "@swc/core-linux-arm-gnueabihf",
        "@swc/core-linux-arm64-gnu",
        "@swc/core-linux-arm64-musl",
        "@swc/core-linux-x64-gnu",
        "@swc/core-linux-x64-musl",
        "@swc/core-win32-arm64-msvc",
        "@swc/core-win32-ia32-msvc",
        "@swc/core-win32-x64-msvc",
        "@swc/counter",
        "@swc/types"
      ]
    },
    "@swc/counter@0.1.3": {
      "integrity": "sha512-e2BR4lsJkkRlKZ/qCHPw9ZaSxc0MVUd7gtbtaB7aMvHeJVYe8sOB8DBZkP2DtISHGSku9sCK6T6cnY0CtXrOCQ=="
    },
    "@swc/types@0.1.20": {
      "integrity": "sha512-/rlIpxwKrhz4BIplXf6nsEHtqlhzuNN34/k3kMAXH4/lvVoA3cdq+60aqVNnyvw2uITEaCi0WV3pxBe4dQqoXQ==",
      "dependencies": [
        "@swc/counter"
      ]
    },
    "@types/node@22.12.0": {
      "integrity": "sha512-Fll2FZ1riMjNmlmJOdAyY5pUbkftXslB5DgEzlIuNaiWhXd00FhWxVC/r4yV/4wBb9JfImTu+jiSvXTkJ7F/gA==",
      "dependencies": [
        "undici-types"
      ]
    },
    "@types/react@19.0.12": {
      "integrity": "sha512-V6Ar115dBDrjbtXSrS+/Oruobc+qVbbUxDFC1RSbRqLt5SYvxxyIDrSC85RWml54g+jfNeEMZhEj7wW07ONQhA==",
      "dependencies": [
        "csstype"
      ]
    },
    "@types/trusted-types@2.0.7": {
      "integrity": "sha512-ScaPdn1dQczgbl0QFTeTOmVHFULt394XJgOQNoyVhZ6r2vLnMLJfBPd53SB52T/3G36VI1/g2MZaX0cwDuXsfw=="
    },
    "clean-css@5.3.3": {
      "integrity": "sha512-D5J+kHaVb/wKSFcyyV75uCn8fiY4sV38XJoe4CUyGQ+mOU/fMVYUdH1hJC+CJQ5uY3EnW27SbJYS4X8BiLrAFg==",
      "dependencies": [
        "source-map"
      ]
    },
    "composed-offset-position@0.0.6_@floating-ui+utils@0.2.9": {
      "integrity": "sha512-Q7dLompI6lUwd7LWyIcP66r4WcS9u7AL2h8HaeipiRfCRPLMWqRx8fYsjb4OHi6UQFifO7XtNC2IlEJ1ozIFxw==",
      "dependencies": [
        "@floating-ui/utils"
      ]
    },
    "csstype@3.1.3": {
      "integrity": "sha512-M1uQkMl8rQK/szD0LNhtqxIPLpimGm8sOBwU7lLnCpSbTyY3yeU1Vc7l4KT5zT4s/yOxHH5O7tIuuLOCnLADRw=="
    },
    "htm@3.1.1": {
      "integrity": "sha512-983Vyg8NwUE7JkZ6NmOqpCZ+sh1bKv2iYTlUkzlWmA5JD2acKoxd4KVxbMmxX/85mtfdnDmTFoNKcg5DGAvxNQ=="
    },
    "lit-element@4.1.1": {
      "integrity": "sha512-HO9Tkkh34QkTeUmEdNYhMT8hzLid7YlMlATSi1q4q17HE5d9mrrEHJ/o8O2D0cMi182zK1F3v7x0PWFjrhXFew==",
      "dependencies": [
        "@lit-labs/ssr-dom-shim",
        "@lit/reactive-element",
        "lit-html"
      ]
    },
    "lit-html@3.2.1": {
      "integrity": "sha512-qI/3lziaPMSKsrwlxH/xMgikhQ0EGOX2ICU73Bi/YHFvz2j/yMCIrw4+puF2IpQ4+upd3EWbvnHM9+PnJn48YA==",
      "dependencies": [
        "@types/trusted-types"
      ]
    },
    "lit@3.2.1": {
      "integrity": "sha512-1BBa1E/z0O9ye5fZprPtdqnc0BFzxIxTTOO/tQFmyC/hj1O3jL4TfmLBw0WEwjAokdLwpclkvGgDJwTIh0/22w==",
      "dependencies": [
        "@lit/reactive-element",
        "lit-element",
        "lit-html"
      ]
    },
    "openapi3-ts@4.4.0": {
      "integrity": "sha512-9asTNB9IkKEzWMcHmVZE7Ts3kC9G7AFHfs8i7caD8HbI76gEjdkId4z/AkP83xdZsH7PLAnnbl47qZkXuxpArw==",
      "dependencies": [
        "yaml"
      ]
    },
    "path-to-regexp@6.3.0": {
      "integrity": "sha512-Yhpw4T9C6hPpgPeA28us07OJeqZ5EzQTkbfwuhsUg0c237RomFoETJgmp2sa3F/41gfLE6G5cqcYwznmeEeOlQ=="
    },
    "preact-render-to-string@6.5.13_preact@10.26.4": {
      "integrity": "sha512-iGPd+hKPMFKsfpR2vL4kJ6ZPcFIoWZEcBf0Dpm3zOpdVvj77aY8RlLiQji5OMrngEyaxGogeakTb54uS2FvA6w==",
      "dependencies": [
        "preact"
      ]
    },
    "preact@10.26.4": {
      "integrity": "sha512-KJhO7LBFTjP71d83trW+Ilnjbo+ySsaAgCfXOXUlmGzJ4ygYPWmysm77yg4emwfmoz3b22yvH5IsVFHbhUaH5w=="
    },
    "qr-creator@1.0.0": {
      "integrity": "sha512-C0cqfbS1P5hfqN4NhsYsUXePlk9BO+a45bAQ3xLYjBL3bOIFzoVEjs79Fado9u9BPBD3buHi3+vY+C8tHh4qMQ=="
    },
    "source-map@0.6.1": {
      "integrity": "sha512-UjgapumWlbMhkBgzT7Ykc5YXUT46F0iKu8SGXq0bcwP5dz/h0Plj6enJqjz1Zbq2l5WaqYnrVbwWOWMyF3F47g=="
    },
    "typescript@5.8.2": {
      "integrity": "sha512-aJn6wq13/afZp/jT9QZmwEjDqqvSGp1VT5GVg+f/t6/oVyrgXM6BY1h9BRh/O5p3PlUPAe+WuiEZOmb/49RqoQ=="
    },
    "uglify-js@3.19.3": {
      "integrity": "sha512-v3Xu+yuwBXisp6QYTcH4UbH+xYJXqnq2m/LtQVWKWzYc1iehYnLixoQDN9FH6/j9/oybfd6W9Ghwkl8+UMKTKQ=="
    },
    "undici-types@6.20.0": {
      "integrity": "sha512-Ny6QZ2Nju20vw1SRHe3d9jVu6gJ+4e3+MMpqu7pqE5HT6WsTSlce++GQmK5UXS8mzV8DSYHrQH+Xrf2jVcuKNg=="
    },
    "yaml@2.7.0": {
      "integrity": "sha512-+hSoy/QHluxmC9kCIJyL/uyFmLmc+e5CFR5Wa+bpIhIj85LVb9ZH2nVnqrHoSvKogwODv0ClqZkmiSSaIH5LTA=="
    },
    "zod@3.24.2": {
      "integrity": "sha512-lY7CDW43ECgW9u1TcT3IoXHflywfVqDYze4waEz812jR/bZ8FHDsl7pFQoSZTz5N+2NqRXs8GBwnAwo3ZNxqhQ=="
    }
  },
  "workspace": {
    "dependencies": [
      "jsr:@fullsoak/fullsoak@0.17",
      "jsr:@std/path@1.0.8",
      "npm:@shoelace-style/shoelace@2.20.0",
      "npm:preact@10.26.4"
    ]
  }
}
